{
  "version": 4,
  "terraform_version": "0.12.8",
  "serial": 29,
  "lineage": "e29d29cf-86db-4129-3b91-d1914f5d22ed",
  "outputs": {
    "kubeone_api": {
      "value": {
        "endpoint": "demo1-api-lb-e40197dabf82c1e9.elb.us-east-1.amazonaws.com"
      },
      "type": [
        "object",
        {
          "endpoint": "string"
        }
      ]
    },
    "kubeone_hosts": {
      "value": {
        "control_plane": {
          "cloud_provider": "aws",
          "cluster_name": "demo1",
          "hostnames": [
            "ip-172-31-11-53.ec2.internal",
            "ip-172-31-88-58.ec2.internal",
            "ip-172-31-21-143.ec2.internal"
          ],
          "private_address": [
            "172.31.11.53",
            "172.31.88.58",
            "172.31.21.143"
          ],
          "public_address": [
            "34.200.228.32",
            "34.227.105.232",
            "54.205.77.1"
          ],
          "ssh_agent_socket": "env:SSH_AUTH_SOCK",
          "ssh_port": 22,
          "ssh_private_key_file": "",
          "ssh_user": "ubuntu"
        }
      },
      "type": [
        "object",
        {
          "control_plane": [
            "object",
            {
              "cloud_provider": "string",
              "cluster_name": "string",
              "hostnames": [
                "tuple",
                [
                  "string",
                  "string",
                  "string"
                ]
              ],
              "private_address": [
                "tuple",
                [
                  "string",
                  "string",
                  "string"
                ]
              ],
              "public_address": [
                "tuple",
                [
                  "string",
                  "string",
                  "string"
                ]
              ],
              "ssh_agent_socket": "string",
              "ssh_port": "number",
              "ssh_private_key_file": "string",
              "ssh_user": "string"
            }
          ]
        }
      ]
    },
    "kubeone_workers": {
      "value": {
        "demo1-pool1": {
          "providerSpec": {
            "cloudProviderSpec": {
              "ami": "ami-024582e76075564db",
              "availabilityZone": "us-east-1a",
              "diskIops": 500,
              "diskSize": 50,
              "diskType": "gp2",
              "instanceProfile": "demo1-host",
              "instanceType": "t3.medium",
              "region": "us-east-1",
              "securityGroupIDs": [
                "sg-0f41a358d314cb9ea"
              ],
              "subnetId": "subnet-1f90b678",
              "tags": {
                "demo1-workers": "pool1"
              },
              "vpcId": "vpc-deddafa4"
            },
            "operatingSystem": "ubuntu",
            "operatingSystemSpec": {
              "distUpgradeOnBoot": false
            },
            "sshPublicKeys": [
              "ssh-rsa AAAAB3NzaC1yc2EAAAADAQABAAABAQDE/EFCz7vxhQGeImQMgFE/2yBD8zsVkZVqCXyLqFyInRPCFWxF2fVf0uuwOYkviR3NJJQ2FA93fZ+pSPUuwTU4C6Uv8kZIZRhCd0NdYzv21tlwj7qbcckVchTVEZG6AhOhwftSlnTbGjn7yqCijfb78jFrzZOBhHO0wzk18X6BsRUPGS5nkC9ly1kqL+hVVzVqXGaFf+oHIw3hKugHHz3LZLckMnAoe3QoyfM/+5FDVbPxMsxJRMZHCA1lK5dyq/SM+4xc9cehzcyheK1BVTjKEHPO/PaiSkZo6J0BvxFJjrn0fKR3FJ8U9I+4tvr/szQsqc1yYRTur8LEJ4N6WqZ1 mikeyb@Banshee.local"
            ]
          },
          "replicas": 1
        }
      },
      "type": [
        "object",
        {
          "demo1-pool1": [
            "object",
            {
              "providerSpec": [
                "object",
                {
                  "cloudProviderSpec": [
                    "object",
                    {
                      "ami": "string",
                      "availabilityZone": "string",
                      "diskIops": "number",
                      "diskSize": "number",
                      "diskType": "string",
                      "instanceProfile": "string",
                      "instanceType": "string",
                      "region": "string",
                      "securityGroupIDs": [
                        "tuple",
                        [
                          "string"
                        ]
                      ],
                      "subnetId": "string",
                      "tags": [
                        "object",
                        {
                          "demo1-workers": "string"
                        }
                      ],
                      "vpcId": "string"
                    }
                  ],
                  "operatingSystem": "string",
                  "operatingSystemSpec": [
                    "object",
                    {
                      "distUpgradeOnBoot": "bool"
                    }
                  ],
                  "sshPublicKeys": [
                    "tuple",
                    [
                      "string"
                    ]
                  ]
                }
              ],
              "replicas": "number"
            }
          ]
        }
      ]
    }
  },
  "resources": [
    {
      "mode": "data",
      "type": "aws_ami",
      "name": "ubuntu",
      "provider": "provider.aws",
      "instances": [
        {
          "schema_version": 0,
          "attributes": {
            "architecture": "x86_64",
            "block_device_mappings": [
              {
                "device_name": "/dev/sda1",
                "ebs": {
                  "delete_on_termination": "true",
                  "encrypted": "false",
                  "iops": "0",
                  "snapshot_id": "snap-0625f08856241604e",
                  "volume_size": "8",
                  "volume_type": "gp2"
                },
                "no_device": "",
                "virtual_name": ""
              },
              {
                "device_name": "/dev/sdb",
                "ebs": {},
                "no_device": "",
                "virtual_name": "ephemeral0"
              },
              {
                "device_name": "/dev/sdc",
                "ebs": {},
                "no_device": "",
                "virtual_name": "ephemeral1"
              }
            ],
            "creation_date": "2019-09-12T04:43:29.000Z",
            "description": "Canonical, Ubuntu, 18.04 LTS, amd64 bionic image build on 2019-09-11",
            "executable_users": null,
            "filter": [
              {
                "name": "name",
                "values": [
                  "ubuntu/images/hvm-ssd/ubuntu-bionic-18.04-amd64-server-*"
                ]
              },
              {
                "name": "virtualization-type",
                "values": [
                  "hvm"
                ]
              }
            ],
            "hypervisor": "xen",
            "id": "ami-024582e76075564db",
            "image_id": "ami-024582e76075564db",
            "image_location": "099720109477/ubuntu/images/hvm-ssd/ubuntu-bionic-18.04-amd64-server-20190911",
            "image_owner_alias": null,
            "image_type": "machine",
            "kernel_id": null,
            "most_recent": true,
            "name": "ubuntu/images/hvm-ssd/ubuntu-bionic-18.04-amd64-server-20190911",
            "name_regex": null,
            "owner_id": "099720109477",
            "owners": [
              "099720109477"
            ],
            "platform": null,
            "product_codes": [],
            "public": true,
            "ramdisk_id": null,
            "root_device_name": "/dev/sda1",
            "root_device_type": "ebs",
            "root_snapshot_id": "snap-0625f08856241604e",
            "sriov_net_support": "simple",
            "state": "available",
            "state_reason": {
              "code": "UNSET",
              "message": "UNSET"
            },
            "tags": {},
            "virtualization_type": "hvm"
          }
        }
      ]
    },
    {
      "mode": "data",
      "type": "aws_availability_zones",
      "name": "available",
      "provider": "provider.aws",
      "instances": [
        {
          "schema_version": 0,
          "attributes": {
            "blacklisted_names": null,
            "blacklisted_zone_ids": null,
            "id": "2019-09-14 00:22:11.872534 +0000 UTC",
            "names": [
              "us-east-1a",
              "us-east-1b",
              "us-east-1c",
              "us-east-1d",
              "us-east-1e",
              "us-east-1f"
            ],
            "state": null,
            "zone_ids": [
              "use1-az1",
              "use1-az2",
              "use1-az4",
              "use1-az6",
              "use1-az3",
              "use1-az5"
            ]
          }
        }
      ]
    },
    {
      "mode": "data",
      "type": "aws_subnet",
      "name": "az_a",
      "provider": "provider.aws",
      "instances": [
        {
          "schema_version": 0,
          "attributes": {
            "arn": "arn:aws:ec2:us-east-1:096653950110:subnet/subnet-1f90b678",
            "assign_ipv6_address_on_creation": false,
            "availability_zone": "us-east-1a",
            "availability_zone_id": "use1-az1",
            "cidr_block": "172.31.0.0/20",
            "default_for_az": true,
            "filter": null,
            "id": "subnet-1f90b678",
            "ipv6_cidr_block": null,
            "ipv6_cidr_block_association_id": null,
            "map_public_ip_on_launch": true,
            "owner_id": "096653950110",
            "state": "available",
            "tags": {},
            "vpc_id": "vpc-deddafa4"
          }
        }
      ]
    },
    {
      "mode": "data",
      "type": "aws_subnet",
      "name": "az_b",
      "provider": "provider.aws",
      "instances": [
        {
          "schema_version": 0,
          "attributes": {
            "arn": "arn:aws:ec2:us-east-1:096653950110:subnet/subnet-9d634fb3",
            "assign_ipv6_address_on_creation": false,
            "availability_zone": "us-east-1b",
            "availability_zone_id": "use1-az2",
            "cidr_block": "172.31.80.0/20",
            "default_for_az": true,
            "filter": null,
            "id": "subnet-9d634fb3",
            "ipv6_cidr_block": null,
            "ipv6_cidr_block_association_id": null,
            "map_public_ip_on_launch": true,
            "owner_id": "096653950110",
            "state": "available",
            "tags": {},
            "vpc_id": "vpc-deddafa4"
          }
        }
      ]
    },
    {
      "mode": "data",
      "type": "aws_subnet",
      "name": "az_c",
      "provider": "provider.aws",
      "instances": [
        {
          "schema_version": 0,
          "attributes": {
            "arn": "arn:aws:ec2:us-east-1:096653950110:subnet/subnet-30d3227d",
            "assign_ipv6_address_on_creation": false,
            "availability_zone": "us-east-1c",
            "availability_zone_id": "use1-az4",
            "cidr_block": "172.31.16.0/20",
            "default_for_az": true,
            "filter": null,
            "id": "subnet-30d3227d",
            "ipv6_cidr_block": null,
            "ipv6_cidr_block_association_id": null,
            "map_public_ip_on_launch": true,
            "owner_id": "096653950110",
            "state": "available",
            "tags": {},
            "vpc_id": "vpc-deddafa4"
          }
        }
      ]
    },
    {
      "mode": "data",
      "type": "aws_subnet_ids",
      "name": "default",
      "provider": "provider.aws",
      "instances": [
        {
          "schema_version": 0,
          "attributes": {
            "filter": null,
            "id": "vpc-deddafa4",
            "ids": [
              "subnet-1f90b678",
              "subnet-30d3227d",
              "subnet-4a496b16",
              "subnet-9d634fb3",
              "subnet-c6afb7c9",
              "subnet-f66b1ec8"
            ],
            "tags": null,
            "vpc_id": "vpc-deddafa4"
          }
        }
      ]
    },
    {
      "mode": "managed",
      "type": "aws_default_vpc",
      "name": "default",
      "provider": "provider.aws",
      "instances": [
        {
          "schema_version": 1,
          "attributes": {
            "arn": "arn:aws:ec2:us-east-1:096653950110:vpc/vpc-deddafa4",
            "assign_generated_ipv6_cidr_block": false,
            "cidr_block": "172.31.0.0/16",
            "default_network_acl_id": "acl-614de81c",
            "default_route_table_id": "rtb-4e37ce30",
            "default_security_group_id": "sg-92e3b3ce",
            "dhcp_options_id": "dopt-26f2ed5d",
            "enable_classiclink": false,
            "enable_classiclink_dns_support": false,
            "enable_dns_hostnames": true,
            "enable_dns_support": true,
            "id": "vpc-deddafa4",
            "instance_tenancy": "default",
            "ipv6_association_id": "",
            "ipv6_cidr_block": "",
            "main_route_table_id": "rtb-4e37ce30",
            "owner_id": "096653950110",
            "tags": {}
          },
          "private": "eyJzY2hlbWFfdmVyc2lvbiI6IjEifQ=="
        }
      ]
    },
    {
      "mode": "managed",
      "type": "aws_iam_instance_profile",
      "name": "profile",
      "provider": "provider.aws",
      "instances": [
        {
          "schema_version": 0,
          "attributes": {
            "arn": "arn:aws:iam::096653950110:instance-profile/demo1-host",
            "create_date": "2019-09-14T00:22:22Z",
            "id": "demo1-host",
            "name": "demo1-host",
            "name_prefix": null,
            "path": "/",
            "role": "demo1-host",
            "roles": [],
            "unique_id": "AIPARNAIGHSPLYTY6XHDE"
          },
          "private": "bnVsbA==",
          "depends_on": [
            "aws_iam_role.role"
          ]
        }
      ]
    },
    {
      "mode": "managed",
      "type": "aws_iam_role",
      "name": "role",
      "provider": "provider.aws",
      "instances": [
        {
          "schema_version": 0,
          "attributes": {
            "arn": "arn:aws:iam::096653950110:role/demo1-host",
            "assume_role_policy": "{\"Version\":\"2012-10-17\",\"Statement\":[{\"Sid\":\"\",\"Effect\":\"Allow\",\"Principal\":{\"Service\":\"ec2.amazonaws.com\"},\"Action\":\"sts:AssumeRole\"}]}",
            "create_date": "2019-09-14T00:22:22Z",
            "description": "",
            "force_detach_policies": false,
            "id": "demo1-host",
            "max_session_duration": 3600,
            "name": "demo1-host",
            "name_prefix": null,
            "path": "/",
            "permissions_boundary": null,
            "tags": null,
            "unique_id": "AROARNAIGHSPLDLBIYKRG"
          },
          "private": "bnVsbA=="
        }
      ]
    },
    {
      "mode": "managed",
      "type": "aws_iam_role_policy",
      "name": "policy",
      "provider": "provider.aws",
      "instances": [
        {
          "schema_version": 0,
          "attributes": {
            "id": "demo1-host:demo1-host",
            "name": "demo1-host",
            "name_prefix": null,
            "policy": "{\n  \"Version\": \"2012-10-17\",\n  \"Statement\": [\n    {\n      \"Effect\": \"Allow\",\n      \"Action\": [\"ec2:*\"],\n      \"Resource\": [\"*\"]\n    },\n    {\n      \"Effect\": \"Allow\",\n      \"Action\": [\"elasticloadbalancing:*\"],\n      \"Resource\": [\"*\"]\n    }\n  ]\n}\n",
            "role": "demo1-host"
          },
          "private": "bnVsbA==",
          "depends_on": [
            "aws_iam_role.role"
          ]
        }
      ]
    },
    {
      "mode": "managed",
      "type": "aws_instance",
      "name": "control_plane",
      "each": "list",
      "provider": "provider.aws",
      "instances": [
        {
          "index_key": 0,
          "schema_version": 1,
          "attributes": {
            "ami": "ami-024582e76075564db",
            "arn": "arn:aws:ec2:us-east-1:096653950110:instance/i-0f150aeaf8a37d217",
            "associate_public_ip_address": true,
            "availability_zone": "us-east-1a",
            "cpu_core_count": 1,
            "cpu_threads_per_core": 2,
            "credit_specification": [
              {
                "cpu_credits": "unlimited"
              }
            ],
            "disable_api_termination": false,
            "ebs_block_device": [],
            "ebs_optimized": true,
            "ephemeral_block_device": [],
            "get_password_data": false,
            "host_id": null,
            "iam_instance_profile": "demo1-host",
            "id": "i-0f150aeaf8a37d217",
            "instance_initiated_shutdown_behavior": null,
            "instance_state": "running",
            "instance_type": "t3.medium",
            "ipv6_address_count": 0,
            "ipv6_addresses": [],
            "key_name": "demo1-deployer-key",
            "monitoring": false,
            "network_interface": [],
            "network_interface_id": null,
            "password_data": "",
            "placement_group": "",
            "primary_network_interface_id": "eni-035b24ee3f200f1a6",
            "private_dns": "ip-172-31-11-53.ec2.internal",
            "private_ip": "172.31.11.53",
            "public_dns": "ec2-34-200-228-32.compute-1.amazonaws.com",
            "public_ip": "34.200.228.32",
            "root_block_device": [
              {
                "delete_on_termination": true,
                "encrypted": false,
                "iops": 300,
                "kms_key_id": "",
                "volume_id": "vol-0b2bcbb60b6fd92ea",
                "volume_size": 100,
                "volume_type": "gp2"
              }
            ],
            "security_groups": [
              "demo1-common",
              "demo1-control_planes"
            ],
            "source_dest_check": true,
            "subnet_id": "subnet-1f90b678",
            "tags": {
              "Name": "demo1-control_plane-1",
              "kubernetes.io/cluster/demo1": "shared"
            },
            "tenancy": "default",
            "timeouts": null,
            "user_data": null,
            "user_data_base64": null,
            "volume_tags": {},
            "vpc_security_group_ids": [
              "sg-06349dad98e6ecf2e",
              "sg-0f41a358d314cb9ea"
            ]
          },
          "private": "eyJlMmJmYjczMC1lY2FhLTExZTYtOGY4OC0zNDM2M2JjN2M0YzAiOnsiY3JlYXRlIjo2MDAwMDAwMDAwMDAsImRlbGV0ZSI6MTIwMDAwMDAwMDAwMCwidXBkYXRlIjo2MDAwMDAwMDAwMDB9LCJzY2hlbWFfdmVyc2lvbiI6IjEifQ==",
          "depends_on": [
            "aws_iam_instance_profile.profile",
            "aws_key_pair.deployer",
            "aws_security_group.common",
            "aws_security_group.control_plane",
            "data.aws_availability_zones.available"
          ]
        },
        {
          "index_key": 1,
          "schema_version": 1,
          "attributes": {
            "ami": "ami-024582e76075564db",
            "arn": "arn:aws:ec2:us-east-1:096653950110:instance/i-02e39e080d2e93341",
            "associate_public_ip_address": true,
            "availability_zone": "us-east-1b",
            "cpu_core_count": 1,
            "cpu_threads_per_core": 2,
            "credit_specification": [
              {
                "cpu_credits": "unlimited"
              }
            ],
            "disable_api_termination": false,
            "ebs_block_device": [],
            "ebs_optimized": true,
            "ephemeral_block_device": [],
            "get_password_data": false,
            "host_id": null,
            "iam_instance_profile": "demo1-host",
            "id": "i-02e39e080d2e93341",
            "instance_initiated_shutdown_behavior": null,
            "instance_state": "running",
            "instance_type": "t3.medium",
            "ipv6_address_count": 0,
            "ipv6_addresses": [],
            "key_name": "demo1-deployer-key",
            "monitoring": false,
            "network_interface": [],
            "network_interface_id": null,
            "password_data": "",
            "placement_group": "",
            "primary_network_interface_id": "eni-04c7e819202747e78",
            "private_dns": "ip-172-31-88-58.ec2.internal",
            "private_ip": "172.31.88.58",
            "public_dns": "ec2-34-227-105-232.compute-1.amazonaws.com",
            "public_ip": "34.227.105.232",
            "root_block_device": [
              {
                "delete_on_termination": true,
                "encrypted": false,
                "iops": 300,
                "kms_key_id": "",
                "volume_id": "vol-04d3065e01d2f360b",
                "volume_size": 100,
                "volume_type": "gp2"
              }
            ],
            "security_groups": [
              "demo1-common",
              "demo1-control_planes"
            ],
            "source_dest_check": true,
            "subnet_id": "subnet-9d634fb3",
            "tags": {
              "Name": "demo1-control_plane-2",
              "kubernetes.io/cluster/demo1": "shared"
            },
            "tenancy": "default",
            "timeouts": null,
            "user_data": null,
            "user_data_base64": null,
            "volume_tags": {},
            "vpc_security_group_ids": [
              "sg-06349dad98e6ecf2e",
              "sg-0f41a358d314cb9ea"
            ]
          },
          "private": "eyJlMmJmYjczMC1lY2FhLTExZTYtOGY4OC0zNDM2M2JjN2M0YzAiOnsiY3JlYXRlIjo2MDAwMDAwMDAwMDAsImRlbGV0ZSI6MTIwMDAwMDAwMDAwMCwidXBkYXRlIjo2MDAwMDAwMDAwMDB9LCJzY2hlbWFfdmVyc2lvbiI6IjEifQ==",
          "depends_on": [
            "aws_iam_instance_profile.profile",
            "aws_key_pair.deployer",
            "aws_security_group.common",
            "aws_security_group.control_plane",
            "data.aws_availability_zones.available"
          ]
        },
        {
          "index_key": 2,
          "schema_version": 1,
          "attributes": {
            "ami": "ami-024582e76075564db",
            "arn": "arn:aws:ec2:us-east-1:096653950110:instance/i-092f4779378c0a788",
            "associate_public_ip_address": true,
            "availability_zone": "us-east-1c",
            "cpu_core_count": 1,
            "cpu_threads_per_core": 2,
            "credit_specification": [
              {
                "cpu_credits": "unlimited"
              }
            ],
            "disable_api_termination": false,
            "ebs_block_device": [],
            "ebs_optimized": true,
            "ephemeral_block_device": [],
            "get_password_data": false,
            "host_id": null,
            "iam_instance_profile": "demo1-host",
            "id": "i-092f4779378c0a788",
            "instance_initiated_shutdown_behavior": null,
            "instance_state": "running",
            "instance_type": "t3.medium",
            "ipv6_address_count": 0,
            "ipv6_addresses": [],
            "key_name": "demo1-deployer-key",
            "monitoring": false,
            "network_interface": [],
            "network_interface_id": null,
            "password_data": "",
            "placement_group": "",
            "primary_network_interface_id": "eni-047a3b5506bc4b1b0",
            "private_dns": "ip-172-31-21-143.ec2.internal",
            "private_ip": "172.31.21.143",
            "public_dns": "ec2-54-205-77-1.compute-1.amazonaws.com",
            "public_ip": "54.205.77.1",
            "root_block_device": [
              {
                "delete_on_termination": true,
                "encrypted": false,
                "iops": 300,
                "kms_key_id": "",
                "volume_id": "vol-0980a8aa96b8865a3",
                "volume_size": 100,
                "volume_type": "gp2"
              }
            ],
            "security_groups": [
              "demo1-common",
              "demo1-control_planes"
            ],
            "source_dest_check": true,
            "subnet_id": "subnet-30d3227d",
            "tags": {
              "Name": "demo1-control_plane-3",
              "kubernetes.io/cluster/demo1": "shared"
            },
            "tenancy": "default",
            "timeouts": null,
            "user_data": null,
            "user_data_base64": null,
            "volume_tags": {},
            "vpc_security_group_ids": [
              "sg-06349dad98e6ecf2e",
              "sg-0f41a358d314cb9ea"
            ]
          },
          "private": "eyJlMmJmYjczMC1lY2FhLTExZTYtOGY4OC0zNDM2M2JjN2M0YzAiOnsiY3JlYXRlIjo2MDAwMDAwMDAwMDAsImRlbGV0ZSI6MTIwMDAwMDAwMDAwMCwidXBkYXRlIjo2MDAwMDAwMDAwMDB9LCJzY2hlbWFfdmVyc2lvbiI6IjEifQ==",
          "depends_on": [
            "aws_iam_instance_profile.profile",
            "aws_key_pair.deployer",
            "aws_security_group.common",
            "aws_security_group.control_plane",
            "data.aws_availability_zones.available"
          ]
        }
      ]
    },
    {
      "mode": "managed",
      "type": "aws_key_pair",
      "name": "deployer",
      "provider": "provider.aws",
      "instances": [
        {
          "schema_version": 1,
          "attributes": {
            "fingerprint": "50:48:6e:6a:e4:3e:73:5b:c9:55:16:ae:8c:27:06:0e",
            "id": "demo1-deployer-key",
            "key_name": "demo1-deployer-key",
            "key_name_prefix": null,
            "public_key": "ssh-rsa AAAAB3NzaC1yc2EAAAADAQABAAABAQDE/EFCz7vxhQGeImQMgFE/2yBD8zsVkZVqCXyLqFyInRPCFWxF2fVf0uuwOYkviR3NJJQ2FA93fZ+pSPUuwTU4C6Uv8kZIZRhCd0NdYzv21tlwj7qbcckVchTVEZG6AhOhwftSlnTbGjn7yqCijfb78jFrzZOBhHO0wzk18X6BsRUPGS5nkC9ly1kqL+hVVzVqXGaFf+oHIw3hKugHHz3LZLckMnAoe3QoyfM/+5FDVbPxMsxJRMZHCA1lK5dyq/SM+4xc9cehzcyheK1BVTjKEHPO/PaiSkZo6J0BvxFJjrn0fKR3FJ8U9I+4tvr/szQsqc1yYRTur8LEJ4N6WqZ1 mikeyb@Banshee.local"
          },
          "private": "eyJzY2hlbWFfdmVyc2lvbiI6IjEifQ=="
        }
      ]
    },
    {
      "mode": "managed",
      "type": "aws_lb",
      "name": "control_plane",
      "provider": "provider.aws",
      "instances": [
        {
          "schema_version": 0,
          "attributes": {
            "access_logs": [
              {
                "bucket": "",
                "enabled": false,
                "prefix": ""
              }
            ],
            "arn": "arn:aws:elasticloadbalancing:us-east-1:096653950110:loadbalancer/net/demo1-api-lb/e40197dabf82c1e9",
            "arn_suffix": "net/demo1-api-lb/e40197dabf82c1e9",
            "dns_name": "demo1-api-lb-e40197dabf82c1e9.elb.us-east-1.amazonaws.com",
            "enable_cross_zone_load_balancing": false,
            "enable_deletion_protection": false,
            "enable_http2": null,
            "id": "arn:aws:elasticloadbalancing:us-east-1:096653950110:loadbalancer/net/demo1-api-lb/e40197dabf82c1e9",
            "idle_timeout": null,
            "internal": false,
            "ip_address_type": "ipv4",
            "load_balancer_type": "network",
            "name": "demo1-api-lb",
            "name_prefix": null,
            "security_groups": [],
            "subnet_mapping": [
              {
                "allocation_id": "",
                "subnet_id": "subnet-1f90b678"
              },
              {
                "allocation_id": "",
                "subnet_id": "subnet-30d3227d"
              },
              {
                "allocation_id": "",
                "subnet_id": "subnet-9d634fb3"
              }
            ],
            "subnets": [
              "subnet-1f90b678",
              "subnet-30d3227d",
              "subnet-9d634fb3"
            ],
            "tags": {
              "Cluster": "demo1",
              "kubernetes.io/cluster/demo1": "shared"
            },
            "timeouts": null,
            "vpc_id": "vpc-deddafa4",
            "zone_id": "Z26RNL4JYFTOTI"
          },
          "private": "eyJlMmJmYjczMC1lY2FhLTExZTYtOGY4OC0zNDM2M2JjN2M0YzAiOnsiY3JlYXRlIjo2MDAwMDAwMDAwMDAsImRlbGV0ZSI6NjAwMDAwMDAwMDAwLCJ1cGRhdGUiOjYwMDAwMDAwMDAwMH19"
        }
      ]
    },
    {
      "mode": "managed",
      "type": "aws_lb_listener",
      "name": "control_plane_api",
      "provider": "provider.aws",
      "instances": [
        {
          "schema_version": 0,
          "attributes": {
            "arn": "arn:aws:elasticloadbalancing:us-east-1:096653950110:listener/net/demo1-api-lb/e40197dabf82c1e9/5d125fc19861088f",
            "certificate_arn": null,
            "default_action": [
              {
                "authenticate_cognito": [],
                "authenticate_oidc": [],
                "fixed_response": [],
                "order": 1,
                "redirect": [],
                "target_group_arn": "arn:aws:elasticloadbalancing:us-east-1:096653950110:targetgroup/demo1-api/e2ec252826966cb7",
                "type": "forward"
              }
            ],
            "id": "arn:aws:elasticloadbalancing:us-east-1:096653950110:listener/net/demo1-api-lb/e40197dabf82c1e9/5d125fc19861088f",
            "load_balancer_arn": "arn:aws:elasticloadbalancing:us-east-1:096653950110:loadbalancer/net/demo1-api-lb/e40197dabf82c1e9",
            "port": 6443,
            "protocol": "TCP",
            "ssl_policy": "",
            "timeouts": null
          },
          "private": "eyJlMmJmYjczMC1lY2FhLTExZTYtOGY4OC0zNDM2M2JjN2M0YzAiOnsicmVhZCI6NjAwMDAwMDAwMDAwfX0=",
          "depends_on": [
            "aws_lb.control_plane",
            "aws_lb_target_group.control_plane_api"
          ]
        }
      ]
    },
    {
      "mode": "managed",
      "type": "aws_lb_target_group",
      "name": "control_plane_api",
      "provider": "provider.aws",
      "instances": [
        {
          "schema_version": 0,
          "attributes": {
            "arn": "arn:aws:elasticloadbalancing:us-east-1:096653950110:targetgroup/demo1-api/e2ec252826966cb7",
            "arn_suffix": "targetgroup/demo1-api/e2ec252826966cb7",
            "deregistration_delay": 300,
            "health_check": [
              {
                "enabled": true,
                "healthy_threshold": 3,
                "interval": 30,
                "matcher": "",
                "path": "",
                "port": "traffic-port",
                "protocol": "TCP",
                "timeout": 10,
                "unhealthy_threshold": 3
              }
            ],
            "id": "arn:aws:elasticloadbalancing:us-east-1:096653950110:targetgroup/demo1-api/e2ec252826966cb7",
            "lambda_multi_value_headers_enabled": false,
            "name": "demo1-api",
            "name_prefix": null,
            "port": 6443,
            "protocol": "TCP",
            "proxy_protocol_v2": false,
            "slow_start": 0,
            "stickiness": [],
            "tags": null,
            "target_type": "instance",
            "vpc_id": "vpc-deddafa4"
          },
          "private": "bnVsbA=="
        }
      ]
    },
    {
      "mode": "managed",
      "type": "aws_lb_target_group_attachment",
      "name": "control_plane_api",
      "each": "list",
      "provider": "provider.aws",
      "instances": [
        {
          "index_key": 0,
          "schema_version": 0,
          "attributes": {
            "availability_zone": null,
            "id": "arn:aws:elasticloadbalancing:us-east-1:096653950110:targetgroup/demo1-api/e2ec252826966cb7-20190914002247534400000001",
            "port": 6443,
            "target_group_arn": "arn:aws:elasticloadbalancing:us-east-1:096653950110:targetgroup/demo1-api/e2ec252826966cb7",
            "target_id": "i-0f150aeaf8a37d217"
          },
          "private": "bnVsbA==",
          "depends_on": [
            "aws_instance.control_plane",
            "aws_lb_target_group.control_plane_api"
          ]
        },
        {
          "index_key": 1,
          "schema_version": 0,
          "attributes": {
            "availability_zone": null,
            "id": "arn:aws:elasticloadbalancing:us-east-1:096653950110:targetgroup/demo1-api/e2ec252826966cb7-20190914002247570100000002",
            "port": 6443,
            "target_group_arn": "arn:aws:elasticloadbalancing:us-east-1:096653950110:targetgroup/demo1-api/e2ec252826966cb7",
            "target_id": "i-02e39e080d2e93341"
          },
          "private": "bnVsbA==",
          "depends_on": [
            "aws_instance.control_plane",
            "aws_lb_target_group.control_plane_api"
          ]
        },
        {
          "index_key": 2,
          "schema_version": 0,
          "attributes": {
            "availability_zone": null,
            "id": "arn:aws:elasticloadbalancing:us-east-1:096653950110:targetgroup/demo1-api/e2ec252826966cb7-20190914002247589200000003",
            "port": 6443,
            "target_group_arn": "arn:aws:elasticloadbalancing:us-east-1:096653950110:targetgroup/demo1-api/e2ec252826966cb7",
            "target_id": "i-092f4779378c0a788"
          },
          "private": "bnVsbA==",
          "depends_on": [
            "aws_instance.control_plane",
            "aws_lb_target_group.control_plane_api"
          ]
        }
      ]
    },
    {
      "mode": "managed",
      "type": "aws_security_group",
      "name": "common",
      "provider": "provider.aws",
      "instances": [
        {
          "schema_version": 1,
          "attributes": {
            "arn": "arn:aws:ec2:us-east-1:096653950110:security-group/sg-0f41a358d314cb9ea",
            "description": "cluster common rules",
            "egress": [
              {
                "cidr_blocks": [
                  "0.0.0.0/0"
                ],
                "description": "",
                "from_port": 0,
                "ipv6_cidr_blocks": [],
                "prefix_list_ids": [],
                "protocol": "-1",
                "security_groups": [],
                "self": false,
                "to_port": 0
              }
            ],
            "id": "sg-0f41a358d314cb9ea",
            "ingress": [
              {
                "cidr_blocks": [
                  "0.0.0.0/0"
                ],
                "description": "",
                "from_port": 22,
                "ipv6_cidr_blocks": [],
                "prefix_list_ids": [],
                "protocol": "tcp",
                "security_groups": [],
                "self": false,
                "to_port": 22
              },
              {
                "cidr_blocks": [],
                "description": "",
                "from_port": 0,
                "ipv6_cidr_blocks": [],
                "prefix_list_ids": [],
                "protocol": "-1",
                "security_groups": [],
                "self": true,
                "to_port": 0
              }
            ],
            "name": "demo1-common",
            "name_prefix": null,
            "owner_id": "096653950110",
            "revoke_rules_on_delete": false,
            "tags": {
              "kubernetes.io/cluster/demo1": "shared"
            },
            "timeouts": null,
            "vpc_id": "vpc-deddafa4"
          },
          "private": "eyJlMmJmYjczMC1lY2FhLTExZTYtOGY4OC0zNDM2M2JjN2M0YzAiOnsiY3JlYXRlIjo2MDAwMDAwMDAwMDAsImRlbGV0ZSI6NjAwMDAwMDAwMDAwfSwic2NoZW1hX3ZlcnNpb24iOiIxIn0="
        }
      ]
    },
    {
      "mode": "managed",
      "type": "aws_security_group",
      "name": "control_plane",
      "provider": "provider.aws",
      "instances": [
        {
          "schema_version": 1,
          "attributes": {
            "arn": "arn:aws:ec2:us-east-1:096653950110:security-group/sg-06349dad98e6ecf2e",
            "description": "cluster control_planes",
            "egress": [],
            "id": "sg-06349dad98e6ecf2e",
            "ingress": [
              {
                "cidr_blocks": [
                  "0.0.0.0/0"
                ],
                "description": "",
                "from_port": 6443,
                "ipv6_cidr_blocks": [],
                "prefix_list_ids": [],
                "protocol": "tcp",
                "security_groups": [],
                "self": false,
                "to_port": 6443
              }
            ],
            "name": "demo1-control_planes",
            "name_prefix": null,
            "owner_id": "096653950110",
            "revoke_rules_on_delete": false,
            "tags": {
              "kubernetes.io/cluster/demo1": "shared"
            },
            "timeouts": null,
            "vpc_id": "vpc-deddafa4"
          },
          "private": "eyJlMmJmYjczMC1lY2FhLTExZTYtOGY4OC0zNDM2M2JjN2M0YzAiOnsiY3JlYXRlIjo2MDAwMDAwMDAwMDAsImRlbGV0ZSI6NjAwMDAwMDAwMDAwfSwic2NoZW1hX3ZlcnNpb24iOiIxIn0="
        }
      ]
    }
  ]
}
